
Microsoft Visual Studio Solution File, Format Version 12.00
# Visual Studio Version 17
VisualStudioVersion = 17.12.35514.174
MinimumVisualStudioVersion = 10.0.40219.1
Project("{FAE04EC0-301F-11D3-BF4B-00C04F79EFBC}") = "earfest.API", "earfest.API\earfest.API.csproj", "{43D74249-67FF-4E97-8169-E91686C88568}"
EndProject
Project("{FAE04EC0-301F-11D3-BF4B-00C04F79EFBC}") = "earfest.Shared", "earfest.Shared\earfest.Shared.csproj", "{6B653604-569D-47D0-AC73-D22F162C1DFD}"
EndProject
Project("{FAE04EC0-301F-11D3-BF4B-00C04F79EFBC}") = "earPass.API", "earPass\earPass.API\earPass.API.csproj", "{7A31F10E-8697-4EBF-83DB-6F65D0187012}"
EndProject
Project("{FAE04EC0-301F-11D3-BF4B-00C04F79EFBC}") = "earPass.Domain", "earPass\earPass.Domain\earPass.Domain.csproj", "{4608BED1-80FD-4E2E-AD41-3508DCE4CE14}"
EndProject
Project("{FAE04EC0-301F-11D3-BF4B-00C04F79EFBC}") = "earPass.Repository", "earPass\earPass.Repository\earPass.Repository.csproj", "{8592AFF4-4AAB-4CB3-9F41-A6C8A8FCA873}"
EndProject
Project("{FAE04EC0-301F-11D3-BF4B-00C04F79EFBC}") = "earPass.Service", "earPass\earPass.Service\earPass.Service.csproj", "{636ED1C3-1E7E-4C65-BA44-7A2129BD44D7}"
EndProject
Project("{FAE04EC0-301F-11D3-BF4B-00C04F79EFBC}") = "Earfest.Auth", "AuthServer\Earfest.Auth\Earfest.Auth.csproj", "{4AFDD442-0EFF-4832-82CB-8B92EFC4EE3C}"
EndProject
Project("{FAE04EC0-301F-11D3-BF4B-00C04F79EFBC}") = "Earfest.Payment", "Payment.Service\Earfest.Payment\Earfest.Payment.csproj", "{CB82FD35-B356-44FD-968E-EA03BDA59510}"
EndProject
Project("{FAE04EC0-301F-11D3-BF4B-00C04F79EFBC}") = "MembershipService", "Membership\MembershipService\MembershipService.csproj", "{801611D4-EE08-49C2-80B5-9D4A70105F0D}"
EndProject
Project("{FAE04EC0-301F-11D3-BF4B-00C04F79EFBC}") = "Earfest.YARP", "Gateway\Earfest.YARP\Earfest.YARP.csproj", "{A135D2DE-0E14-4428-9F23-D174EDB25AC8}"
EndProject
Project("{FAE04EC0-301F-11D3-BF4B-00C04F79EFBC}") = "NotificationAPI", "Notification\NotificationAPI\NotificationAPI.csproj", "{7AABC30F-4581-49AF-BF28-3F9BB0E297EE}"
EndProject
Global
	GlobalSection(SolutionConfigurationPlatforms) = preSolution
		Debug|Any CPU = Debug|Any CPU
		Release|Any CPU = Release|Any CPU
	EndGlobalSection
	GlobalSection(ProjectConfigurationPlatforms) = postSolution
		{43D74249-67FF-4E97-8169-E91686C88568}.Debug|Any CPU.ActiveCfg = Debug|Any CPU
		{43D74249-67FF-4E97-8169-E91686C88568}.Debug|Any CPU.Build.0 = Debug|Any CPU
		{43D74249-67FF-4E97-8169-E91686C88568}.Release|Any CPU.ActiveCfg = Release|Any CPU
		{43D74249-67FF-4E97-8169-E91686C88568}.Release|Any CPU.Build.0 = Release|Any CPU
		{6B653604-569D-47D0-AC73-D22F162C1DFD}.Debug|Any CPU.ActiveCfg = Debug|Any CPU
		{6B653604-569D-47D0-AC73-D22F162C1DFD}.Debug|Any CPU.Build.0 = Debug|Any CPU
		{6B653604-569D-47D0-AC73-D22F162C1DFD}.Release|Any CPU.ActiveCfg = Release|Any CPU
		{6B653604-569D-47D0-AC73-D22F162C1DFD}.Release|Any CPU.Build.0 = Release|Any CPU
		{7A31F10E-8697-4EBF-83DB-6F65D0187012}.Debug|Any CPU.ActiveCfg = Debug|Any CPU
		{7A31F10E-8697-4EBF-83DB-6F65D0187012}.Debug|Any CPU.Build.0 = Debug|Any CPU
		{7A31F10E-8697-4EBF-83DB-6F65D0187012}.Release|Any CPU.ActiveCfg = Release|Any CPU
		{7A31F10E-8697-4EBF-83DB-6F65D0187012}.Release|Any CPU.Build.0 = Release|Any CPU
		{4608BED1-80FD-4E2E-AD41-3508DCE4CE14}.Debug|Any CPU.ActiveCfg = Debug|Any CPU
		{4608BED1-80FD-4E2E-AD41-3508DCE4CE14}.Debug|Any CPU.Build.0 = Debug|Any CPU
		{4608BED1-80FD-4E2E-AD41-3508DCE4CE14}.Release|Any CPU.ActiveCfg = Release|Any CPU
		{4608BED1-80FD-4E2E-AD41-3508DCE4CE14}.Release|Any CPU.Build.0 = Release|Any CPU
		{8592AFF4-4AAB-4CB3-9F41-A6C8A8FCA873}.Debug|Any CPU.ActiveCfg = Debug|Any CPU
		{8592AFF4-4AAB-4CB3-9F41-A6C8A8FCA873}.Debug|Any CPU.Build.0 = Debug|Any CPU
		{8592AFF4-4AAB-4CB3-9F41-A6C8A8FCA873}.Release|Any CPU.ActiveCfg = Release|Any CPU
		{8592AFF4-4AAB-4CB3-9F41-A6C8A8FCA873}.Release|Any CPU.Build.0 = Release|Any CPU
		{636ED1C3-1E7E-4C65-BA44-7A2129BD44D7}.Debug|Any CPU.ActiveCfg = Debug|Any CPU
		{636ED1C3-1E7E-4C65-BA44-7A2129BD44D7}.Debug|Any CPU.Build.0 = Debug|Any CPU
		{636ED1C3-1E7E-4C65-BA44-7A2129BD44D7}.Release|Any CPU.ActiveCfg = Release|Any CPU
		{636ED1C3-1E7E-4C65-BA44-7A2129BD44D7}.Release|Any CPU.Build.0 = Release|Any CPU
		{4AFDD442-0EFF-4832-82CB-8B92EFC4EE3C}.Debug|Any CPU.ActiveCfg = Debug|Any CPU
		{4AFDD442-0EFF-4832-82CB-8B92EFC4EE3C}.Debug|Any CPU.Build.0 = Debug|Any CPU
		{4AFDD442-0EFF-4832-82CB-8B92EFC4EE3C}.Release|Any CPU.ActiveCfg = Release|Any CPU
		{4AFDD442-0EFF-4832-82CB-8B92EFC4EE3C}.Release|Any CPU.Build.0 = Release|Any CPU
		{CB82FD35-B356-44FD-968E-EA03BDA59510}.Debug|Any CPU.ActiveCfg = Debug|Any CPU
		{CB82FD35-B356-44FD-968E-EA03BDA59510}.Debug|Any CPU.Build.0 = Debug|Any CPU
		{CB82FD35-B356-44FD-968E-EA03BDA59510}.Release|Any CPU.ActiveCfg = Release|Any CPU
		{CB82FD35-B356-44FD-968E-EA03BDA59510}.Release|Any CPU.Build.0 = Release|Any CPU
		{801611D4-EE08-49C2-80B5-9D4A70105F0D}.Debug|Any CPU.ActiveCfg = Debug|Any CPU
		{801611D4-EE08-49C2-80B5-9D4A70105F0D}.Debug|Any CPU.Build.0 = Debug|Any CPU
		{801611D4-EE08-49C2-80B5-9D4A70105F0D}.Release|Any CPU.ActiveCfg = Release|Any CPU
		{801611D4-EE08-49C2-80B5-9D4A70105F0D}.Release|Any CPU.Build.0 = Release|Any CPU
		{A135D2DE-0E14-4428-9F23-D174EDB25AC8}.Debug|Any CPU.ActiveCfg = Debug|Any CPU
		{A135D2DE-0E14-4428-9F23-D174EDB25AC8}.Debug|Any CPU.Build.0 = Debug|Any CPU
		{A135D2DE-0E14-4428-9F23-D174EDB25AC8}.Release|Any CPU.ActiveCfg = Release|Any CPU
		{A135D2DE-0E14-4428-9F23-D174EDB25AC8}.Release|Any CPU.Build.0 = Release|Any CPU
		{7AABC30F-4581-49AF-BF28-3F9BB0E297EE}.Debug|Any CPU.ActiveCfg = Debug|Any CPU
		{7AABC30F-4581-49AF-BF28-3F9BB0E297EE}.Debug|Any CPU.Build.0 = Debug|Any CPU
		{7AABC30F-4581-49AF-BF28-3F9BB0E297EE}.Release|Any CPU.ActiveCfg = Release|Any CPU
		{7AABC30F-4581-49AF-BF28-3F9BB0E297EE}.Release|Any CPU.Build.0 = Release|Any CPU
	EndGlobalSection
	GlobalSection(SolutionProperties) = preSolution
		HideSolutionNode = FALSE
	EndGlobalSection
	GlobalSection(ExtensibilityGlobals) = postSolution
		SolutionGuid = {3A69B9A2-C6CB-4F74-944A-4776DCDE08CE}
	EndGlobalSection
EndGlobal
